
Microsoft Visual Studio Solution File, Format Version 12.00
# Visual Studio Version 17
VisualStudioVersion = 17.9.34701.34
MinimumVisualStudioVersion = 10.0.40219.1
Project("{FAE04EC0-301F-11D3-BF4B-00C04F79EFBC}") = "BudgetTracker", "BudgetTracker.csproj", "{00F93AC7-B390-4235-B9CE-44EAE2E08F23}"
EndProject
Global
	GlobalSection(SolutionConfigurationPlatforms) = preSolution
		Debug|Any CPU = Debug|Any CPU
		Release|Any CPU = Release|Any CPU
	EndGlobalSection
	GlobalSection(ProjectConfigurationPlatforms) = postSolution
		{00F93AC7-B390-4235-B9CE-44EAE2E08F23}.Debug|Any CPU.ActiveCfg = Debug|Any CPU
		{00F93AC7-B390-4235-B9CE-44EAE2E08F23}.Debug|Any CPU.Build.0 = Debug|Any CPU
		{00F93AC7-B390-4235-B9CE-44EAE2E08F23}.Release|Any CPU.ActiveCfg = Release|Any CPU
		{00F93AC7-B390-4235-B9CE-44EAE2E08F23}.Release|Any CPU.Build.0 = Release|Any CPU
	EndGlobalSection
	GlobalSection(SolutionProperties) = preSolution
		HideSolutionNode = FALSE
	EndGlobalSection
	GlobalSection(ExtensibilityGlobals) = postSolution
		SolutionGuid = {6F54BF3F-1B2C-4EBB-8590-1DFFCE1DC46E}
	EndGlobalSection
EndGlobal
